
Microsoft Visual Studio Solution File, Format Version 12.00
# Visual Studio Version 17
VisualStudioVersion = 17.5.33530.505
MinimumVisualStudioVersion = 10.0.40219.1
Project("{9A19103F-16F7-4668-BE54-9A1E7A4F7556}") = "MetricsAgent", "MetricsAgent\MetricsAgent.csproj", "{0E0F0B2D-9317-472D-8522-B973AE37427D}"
EndProject
Project("{9A19103F-16F7-4668-BE54-9A1E7A4F7556}") = "MetricsManager", "MetricsManager\MetricsManager.csproj", "{98E5347C-7DCF-4014-B48F-647CE6C2CE71}"
EndProject
Project("{9A19103F-16F7-4668-BE54-9A1E7A4F7556}") = "MetricsAgentTests", "MetricsAgentTests\MetricsAgentTests.csproj", "{A8B90CA5-96A0-4249-A1FB-5C3290667A40}"
EndProject
Project("{9A19103F-16F7-4668-BE54-9A1E7A4F7556}") = "MetricsManagerTests", "MetricsManagerTests\MetricsManagerTests.csproj", "{D948B7A0-770C-400E-917E-CC0339021A78}"
EndProject
Project("{9A19103F-16F7-4668-BE54-9A1E7A4F7556}") = "TimeSpanSamples", "TimeSpanSamples\TimeSpanSamples.csproj", "{9616DB9E-4282-4715-9C4F-88C3136CF29B}"
EndProject
Project("{9A19103F-16F7-4668-BE54-9A1E7A4F7556}") = "ExtensionSample", "ExtensionSample\ExtensionSample.csproj", "{93AA69B4-F07F-436B-96E3-0DE559756D5A}"
EndProject
Global
	GlobalSection(SolutionConfigurationPlatforms) = preSolution
		Debug|Any CPU = Debug|Any CPU
		Release|Any CPU = Release|Any CPU
	EndGlobalSection
	GlobalSection(ProjectConfigurationPlatforms) = postSolution
		{0E0F0B2D-9317-472D-8522-B973AE37427D}.Debug|Any CPU.ActiveCfg = Debug|Any CPU
		{0E0F0B2D-9317-472D-8522-B973AE37427D}.Debug|Any CPU.Build.0 = Debug|Any CPU
		{0E0F0B2D-9317-472D-8522-B973AE37427D}.Release|Any CPU.ActiveCfg = Release|Any CPU
		{0E0F0B2D-9317-472D-8522-B973AE37427D}.Release|Any CPU.Build.0 = Release|Any CPU
		{98E5347C-7DCF-4014-B48F-647CE6C2CE71}.Debug|Any CPU.ActiveCfg = Debug|Any CPU
		{98E5347C-7DCF-4014-B48F-647CE6C2CE71}.Debug|Any CPU.Build.0 = Debug|Any CPU
		{98E5347C-7DCF-4014-B48F-647CE6C2CE71}.Release|Any CPU.ActiveCfg = Release|Any CPU
		{98E5347C-7DCF-4014-B48F-647CE6C2CE71}.Release|Any CPU.Build.0 = Release|Any CPU
		{A8B90CA5-96A0-4249-A1FB-5C3290667A40}.Debug|Any CPU.ActiveCfg = Debug|Any CPU
		{A8B90CA5-96A0-4249-A1FB-5C3290667A40}.Debug|Any CPU.Build.0 = Debug|Any CPU
		{A8B90CA5-96A0-4249-A1FB-5C3290667A40}.Release|Any CPU.ActiveCfg = Release|Any CPU
		{A8B90CA5-96A0-4249-A1FB-5C3290667A40}.Release|Any CPU.Build.0 = Release|Any CPU
		{D948B7A0-770C-400E-917E-CC0339021A78}.Debug|Any CPU.ActiveCfg = Debug|Any CPU
		{D948B7A0-770C-400E-917E-CC0339021A78}.Debug|Any CPU.Build.0 = Debug|Any CPU
		{D948B7A0-770C-400E-917E-CC0339021A78}.Release|Any CPU.ActiveCfg = Release|Any CPU
		{D948B7A0-770C-400E-917E-CC0339021A78}.Release|Any CPU.Build.0 = Release|Any CPU
		{9616DB9E-4282-4715-9C4F-88C3136CF29B}.Debug|Any CPU.ActiveCfg = Debug|Any CPU
		{9616DB9E-4282-4715-9C4F-88C3136CF29B}.Debug|Any CPU.Build.0 = Debug|Any CPU
		{9616DB9E-4282-4715-9C4F-88C3136CF29B}.Release|Any CPU.ActiveCfg = Release|Any CPU
		{9616DB9E-4282-4715-9C4F-88C3136CF29B}.Release|Any CPU.Build.0 = Release|Any CPU
		{93AA69B4-F07F-436B-96E3-0DE559756D5A}.Debug|Any CPU.ActiveCfg = Debug|Any CPU
		{93AA69B4-F07F-436B-96E3-0DE559756D5A}.Debug|Any CPU.Build.0 = Debug|Any CPU
		{93AA69B4-F07F-436B-96E3-0DE559756D5A}.Release|Any CPU.ActiveCfg = Release|Any CPU
		{93AA69B4-F07F-436B-96E3-0DE559756D5A}.Release|Any CPU.Build.0 = Release|Any CPU
	EndGlobalSection
	GlobalSection(SolutionProperties) = preSolution
		HideSolutionNode = FALSE
	EndGlobalSection
	GlobalSection(ExtensibilityGlobals) = postSolution
		SolutionGuid = {015FB1F8-0493-4EEA-BC96-01F87026BD1A}
	EndGlobalSection
EndGlobal
